PODS:
  - FlutterMacOS (1.0.0)
  - tactile_feedback (0.0.1):
    - FlutterMacOS

DEPENDENCIES:
  - FlutterMacOS (from `Flutter/ephemeral`)
  - tactile_feedback (from `Flutter/ephemeral/.symlinks/plugins/tactile_feedback/macos`)

EXTERNAL SOURCES:
  FlutterMacOS:
    :path: Flutter/ephemeral
  tactile_feedback:
    :path: Flutter/ephemeral/.symlinks/plugins/tactile_feedback/macos

SPEC CHECKSUMS:
  FlutterMacOS: d0db08ddef1a9af05a5ec4b724367152bb0500b1
  tactile_feedback: 3f3811014954dd22481bf43dac9015925ff5d9be

PODFILE CHECKSUM: 9ebaf0ce3d369aaa26a9ea0e159195ed94724cf3

COCOAPODS: 1.16.2
